
Microsoft Visual Studio Solution File, Format Version 11.00
# Visual Studio 2010
Project("{FAE04EC0-301F-11D3-BF4B-00C04F79EFBC}") = "oyster.web", "oyster.web\oyster.web.csproj", "{4C2FE7E3-1AEA-4440-88F9-8FDCC9918B01}"
EndProject
Project("{FAE04EC0-301F-11D3-BF4B-00C04F79EFBC}") = "oyster.web.codegenerator", "oyster.web.codegenerator\oyster.web.codegenerator.csproj", "{BD945E2F-C9DD-46F0-AB16-54FA5423A931}"
EndProject
Project("{2150E333-8FDC-42A3-9474-1A3956D46DE8}") = "Demo", "Demo", "{EF094E78-B5F5-42D8-8C2A-92D724E659A9}"
EndProject
Project("{FAE04EC0-301F-11D3-BF4B-00C04F79EFBC}") = "Demo.Host", "Demo\Demo.Host\Demo.Host.csproj", "{EC3AAA69-0341-4129-BAD5-8F31582907C5}"
EndProject
Project("{FAE04EC0-301F-11D3-BF4B-00C04F79EFBC}") = "Demo.Theme", "Demo\Demo.Theme\Demo.Theme.csproj", "{DFB44D12-4FA8-4718-9F57-42D6C5052E3C}"
EndProject
Global
	GlobalSection(SolutionConfigurationPlatforms) = preSolution
		Debug|Any CPU = Debug|Any CPU
		Debug|Mixed Platforms = Debug|Mixed Platforms
		Debug|x86 = Debug|x86
		Release|Any CPU = Release|Any CPU
		Release|Mixed Platforms = Release|Mixed Platforms
		Release|x86 = Release|x86
	EndGlobalSection
	GlobalSection(ProjectConfigurationPlatforms) = postSolution
		{4C2FE7E3-1AEA-4440-88F9-8FDCC9918B01}.Debug|Any CPU.ActiveCfg = Debug|Any CPU
		{4C2FE7E3-1AEA-4440-88F9-8FDCC9918B01}.Debug|Any CPU.Build.0 = Debug|Any CPU
		{4C2FE7E3-1AEA-4440-88F9-8FDCC9918B01}.Debug|Mixed Platforms.ActiveCfg = Debug|Any CPU
		{4C2FE7E3-1AEA-4440-88F9-8FDCC9918B01}.Debug|Mixed Platforms.Build.0 = Debug|Any CPU
		{4C2FE7E3-1AEA-4440-88F9-8FDCC9918B01}.Debug|x86.ActiveCfg = Debug|Any CPU
		{4C2FE7E3-1AEA-4440-88F9-8FDCC9918B01}.Release|Any CPU.ActiveCfg = Release|Any CPU
		{4C2FE7E3-1AEA-4440-88F9-8FDCC9918B01}.Release|Any CPU.Build.0 = Release|Any CPU
		{4C2FE7E3-1AEA-4440-88F9-8FDCC9918B01}.Release|Mixed Platforms.ActiveCfg = Release|Any CPU
		{4C2FE7E3-1AEA-4440-88F9-8FDCC9918B01}.Release|Mixed Platforms.Build.0 = Release|Any CPU
		{4C2FE7E3-1AEA-4440-88F9-8FDCC9918B01}.Release|x86.ActiveCfg = Release|Any CPU
		{BD945E2F-C9DD-46F0-AB16-54FA5423A931}.Debug|Any CPU.ActiveCfg = Debug|x86
		{BD945E2F-C9DD-46F0-AB16-54FA5423A931}.Debug|Mixed Platforms.ActiveCfg = Debug|x86
		{BD945E2F-C9DD-46F0-AB16-54FA5423A931}.Debug|Mixed Platforms.Build.0 = Debug|x86
		{BD945E2F-C9DD-46F0-AB16-54FA5423A931}.Debug|x86.ActiveCfg = Debug|x86
		{BD945E2F-C9DD-46F0-AB16-54FA5423A931}.Debug|x86.Build.0 = Debug|x86
		{BD945E2F-C9DD-46F0-AB16-54FA5423A931}.Release|Any CPU.ActiveCfg = Release|x86
		{BD945E2F-C9DD-46F0-AB16-54FA5423A931}.Release|Mixed Platforms.ActiveCfg = Release|x86
		{BD945E2F-C9DD-46F0-AB16-54FA5423A931}.Release|Mixed Platforms.Build.0 = Release|x86
		{BD945E2F-C9DD-46F0-AB16-54FA5423A931}.Release|x86.ActiveCfg = Release|x86
		{BD945E2F-C9DD-46F0-AB16-54FA5423A931}.Release|x86.Build.0 = Release|x86
		{EC3AAA69-0341-4129-BAD5-8F31582907C5}.Debug|Any CPU.ActiveCfg = Debug|Any CPU
		{EC3AAA69-0341-4129-BAD5-8F31582907C5}.Debug|Any CPU.Build.0 = Debug|Any CPU
		{EC3AAA69-0341-4129-BAD5-8F31582907C5}.Debug|Mixed Platforms.ActiveCfg = Debug|Any CPU
		{EC3AAA69-0341-4129-BAD5-8F31582907C5}.Debug|Mixed Platforms.Build.0 = Debug|Any CPU
		{EC3AAA69-0341-4129-BAD5-8F31582907C5}.Debug|x86.ActiveCfg = Debug|Any CPU
		{EC3AAA69-0341-4129-BAD5-8F31582907C5}.Release|Any CPU.ActiveCfg = Release|Any CPU
		{EC3AAA69-0341-4129-BAD5-8F31582907C5}.Release|Any CPU.Build.0 = Release|Any CPU
		{EC3AAA69-0341-4129-BAD5-8F31582907C5}.Release|Mixed Platforms.ActiveCfg = Release|Any CPU
		{EC3AAA69-0341-4129-BAD5-8F31582907C5}.Release|Mixed Platforms.Build.0 = Release|Any CPU
		{EC3AAA69-0341-4129-BAD5-8F31582907C5}.Release|x86.ActiveCfg = Release|Any CPU
		{DFB44D12-4FA8-4718-9F57-42D6C5052E3C}.Debug|Any CPU.ActiveCfg = Debug|Any CPU
		{DFB44D12-4FA8-4718-9F57-42D6C5052E3C}.Debug|Any CPU.Build.0 = Debug|Any CPU
		{DFB44D12-4FA8-4718-9F57-42D6C5052E3C}.Debug|Mixed Platforms.ActiveCfg = Debug|Any CPU
		{DFB44D12-4FA8-4718-9F57-42D6C5052E3C}.Debug|Mixed Platforms.Build.0 = Debug|Any CPU
		{DFB44D12-4FA8-4718-9F57-42D6C5052E3C}.Debug|x86.ActiveCfg = Debug|Any CPU
		{DFB44D12-4FA8-4718-9F57-42D6C5052E3C}.Release|Any CPU.ActiveCfg = Release|Any CPU
		{DFB44D12-4FA8-4718-9F57-42D6C5052E3C}.Release|Any CPU.Build.0 = Release|Any CPU
		{DFB44D12-4FA8-4718-9F57-42D6C5052E3C}.Release|Mixed Platforms.ActiveCfg = Release|Any CPU
		{DFB44D12-4FA8-4718-9F57-42D6C5052E3C}.Release|Mixed Platforms.Build.0 = Release|Any CPU
		{DFB44D12-4FA8-4718-9F57-42D6C5052E3C}.Release|x86.ActiveCfg = Release|Any CPU
	EndGlobalSection
	GlobalSection(SolutionProperties) = preSolution
		HideSolutionNode = FALSE
	EndGlobalSection
	GlobalSection(NestedProjects) = preSolution
		{EC3AAA69-0341-4129-BAD5-8F31582907C5} = {EF094E78-B5F5-42D8-8C2A-92D724E659A9}
		{DFB44D12-4FA8-4718-9F57-42D6C5052E3C} = {EF094E78-B5F5-42D8-8C2A-92D724E659A9}
	EndGlobalSection
EndGlobal
